
Microsoft Visual Studio Solution File, Format Version 12.00
# Visual Studio Version 17
VisualStudioVersion = 17.14.36429.23 d17.14
MinimumVisualStudioVersion = 10.0.40219.1
Project("{8BC9CEB8-8B4A-11D0-8D11-00A0C91BC942}") = "c++_9_8_3", "c++_9_8_3\c++_9_8_3.vcxproj", "{451FA7B3-909B-4221-B4A1-64C0EAD84100}"
EndProject
Global
	GlobalSection(SolutionConfigurationPlatforms) = preSolution
		Debug|x64 = Debug|x64
		Debug|x86 = Debug|x86
		Release|x64 = Release|x64
		Release|x86 = Release|x86
	EndGlobalSection
	GlobalSection(ProjectConfigurationPlatforms) = postSolution
		{451FA7B3-909B-4221-B4A1-64C0EAD84100}.Debug|x64.ActiveCfg = Debug|x64
		{451FA7B3-909B-4221-B4A1-64C0EAD84100}.Debug|x64.Build.0 = Debug|x64
		{451FA7B3-909B-4221-B4A1-64C0EAD84100}.Debug|x86.ActiveCfg = Debug|Win32
		{451FA7B3-909B-4221-B4A1-64C0EAD84100}.Debug|x86.Build.0 = Debug|Win32
		{451FA7B3-909B-4221-B4A1-64C0EAD84100}.Release|x64.ActiveCfg = Release|x64
		{451FA7B3-909B-4221-B4A1-64C0EAD84100}.Release|x64.Build.0 = Release|x64
		{451FA7B3-909B-4221-B4A1-64C0EAD84100}.Release|x86.ActiveCfg = Release|Win32
		{451FA7B3-909B-4221-B4A1-64C0EAD84100}.Release|x86.Build.0 = Release|Win32
	EndGlobalSection
	GlobalSection(SolutionProperties) = preSolution
		HideSolutionNode = FALSE
	EndGlobalSection
	GlobalSection(ExtensibilityGlobals) = postSolution
		SolutionGuid = {1D9472EA-1F3C-4F97-92B9-9F423D9A214F}
	EndGlobalSection
EndGlobal
