
Microsoft Visual Studio Solution File, Format Version 12.00
# Visual Studio Version 17
VisualStudioVersion = 17.14.36429.23 d17.14
MinimumVisualStudioVersion = 10.0.40219.1
Project("{8BC9CEB8-8B4A-11D0-8D11-00A0C91BC942}") = "leetcode_9_13_1", "leetcode_9_13_1\leetcode_9_13_1.vcxproj", "{EFD28486-DE69-4814-B98A-6E6EB26C3079}"
EndProject
Global
	GlobalSection(SolutionConfigurationPlatforms) = preSolution
		Debug|x64 = Debug|x64
		Debug|x86 = Debug|x86
		Release|x64 = Release|x64
		Release|x86 = Release|x86
	EndGlobalSection
	GlobalSection(ProjectConfigurationPlatforms) = postSolution
		{EFD28486-DE69-4814-B98A-6E6EB26C3079}.Debug|x64.ActiveCfg = Debug|x64
		{EFD28486-DE69-4814-B98A-6E6EB26C3079}.Debug|x64.Build.0 = Debug|x64
		{EFD28486-DE69-4814-B98A-6E6EB26C3079}.Debug|x86.ActiveCfg = Debug|Win32
		{EFD28486-DE69-4814-B98A-6E6EB26C3079}.Debug|x86.Build.0 = Debug|Win32
		{EFD28486-DE69-4814-B98A-6E6EB26C3079}.Release|x64.ActiveCfg = Release|x64
		{EFD28486-DE69-4814-B98A-6E6EB26C3079}.Release|x64.Build.0 = Release|x64
		{EFD28486-DE69-4814-B98A-6E6EB26C3079}.Release|x86.ActiveCfg = Release|Win32
		{EFD28486-DE69-4814-B98A-6E6EB26C3079}.Release|x86.Build.0 = Release|Win32
	EndGlobalSection
	GlobalSection(SolutionProperties) = preSolution
		HideSolutionNode = FALSE
	EndGlobalSection
	GlobalSection(ExtensibilityGlobals) = postSolution
		SolutionGuid = {1406BF24-05CB-4ED7-AB7C-45DFD3445F16}
	EndGlobalSection
EndGlobal
